
Microsoft Visual Studio Solution File, Format Version 12.00
# Visual Studio Version 17
VisualStudioVersion = 17.0.31903.59
MinimumVisualStudioVersion = 10.0.40219.1
Project("{9A19103F-16F7-4668-BE54-9A1E7A4F7556}") = "hrbotsdk", "sdk\hrbotsdk.csproj", "{7DAD9516-7A63-4309-9F96-E39111C1E153}"
EndProject
Project("{9A19103F-16F7-4668-BE54-9A1E7A4F7556}") = "parrot", "examples\parrot\parrot.csproj", "{3F57194F-89C4-4088-95F4-C11FF0DCC95F}"
EndProject
Project("{9A19103F-16F7-4668-BE54-9A1E7A4F7556}") = "SyncTime", "examples\SyncTime\SyncTime.csproj", "{CF1EE417-35D2-4F33-9288-C5AFBC3B4EAC}"
EndProject
Project("{9A19103F-16F7-4668-BE54-9A1E7A4F7556}") = "Storage", "modules\Storage\Storage.csproj", "{62719FDC-7323-4CEB-BAE7-B8F5F2676252}"
EndProject
Project("{2150E333-8FDC-42A3-9474-1A3956D46DE8}") = "Modules", "Modules", "{ED157C7C-D7C5-4CC8-AEC5-0C00CE3AA5AD}"
EndProject
Project("{2150E333-8FDC-42A3-9474-1A3956D46DE8}") = "Examples", "Examples", "{F27C965D-7348-4797-B727-328839BAA858}"
EndProject
Project("{9A19103F-16F7-4668-BE54-9A1E7A4F7556}") = "TicTacToe", "examples\TicTacToe\TicTacToe.csproj", "{32D2FCCD-F523-4E5A-8ADB-1354DCFAA9A5}"
EndProject
Project("{9A19103F-16F7-4668-BE54-9A1E7A4F7556}") = "Leaderboard", "modules\Leaderboard\Leaderboard.csproj", "{76B211CC-E297-44E6-99D3-A6974D50598E}"
EndProject
Project("{9A19103F-16F7-4668-BE54-9A1E7A4F7556}") = "Countdown", "modules\Countdown\Countdown.csproj", "{1C7BF079-CFAE-40AC-8021-FF5A2C2DB8CA}"
EndProject
Project("{9A19103F-16F7-4668-BE54-9A1E7A4F7556}") = "Time", "modules\Time\Time.csproj", "{BD325CF4-EC00-4DE1-91C7-3D502636F3E0}"
EndProject
Project("{9A19103F-16F7-4668-BE54-9A1E7A4F7556}") = "AllHands", "examples\AllHands\AllHands.csproj", "{915DE468-BA03-4CF5-B480-035BF3D64673}"
EndProject
Project("{9A19103F-16F7-4668-BE54-9A1E7A4F7556}") = "Slideshow", "modules\Slideshow\Slideshow.csproj", "{18D8C147-843F-4F2B-BFD1-ACB053A493DB}"
EndProject
Global
	GlobalSection(SolutionConfigurationPlatforms) = preSolution
		Debug|Any CPU = Debug|Any CPU
		Release|Any CPU = Release|Any CPU
	EndGlobalSection
	GlobalSection(ProjectConfigurationPlatforms) = postSolution
		{7DAD9516-7A63-4309-9F96-E39111C1E153}.Debug|Any CPU.ActiveCfg = Debug|Any CPU
		{7DAD9516-7A63-4309-9F96-E39111C1E153}.Debug|Any CPU.Build.0 = Debug|Any CPU
		{7DAD9516-7A63-4309-9F96-E39111C1E153}.Release|Any CPU.ActiveCfg = Release|Any CPU
		{7DAD9516-7A63-4309-9F96-E39111C1E153}.Release|Any CPU.Build.0 = Release|Any CPU
		{3F57194F-89C4-4088-95F4-C11FF0DCC95F}.Debug|Any CPU.ActiveCfg = Debug|Any CPU
		{3F57194F-89C4-4088-95F4-C11FF0DCC95F}.Debug|Any CPU.Build.0 = Debug|Any CPU
		{3F57194F-89C4-4088-95F4-C11FF0DCC95F}.Release|Any CPU.ActiveCfg = Release|Any CPU
		{3F57194F-89C4-4088-95F4-C11FF0DCC95F}.Release|Any CPU.Build.0 = Release|Any CPU
		{CF1EE417-35D2-4F33-9288-C5AFBC3B4EAC}.Debug|Any CPU.ActiveCfg = Debug|Any CPU
		{CF1EE417-35D2-4F33-9288-C5AFBC3B4EAC}.Debug|Any CPU.Build.0 = Debug|Any CPU
		{CF1EE417-35D2-4F33-9288-C5AFBC3B4EAC}.Release|Any CPU.ActiveCfg = Release|Any CPU
		{CF1EE417-35D2-4F33-9288-C5AFBC3B4EAC}.Release|Any CPU.Build.0 = Release|Any CPU
		{62719FDC-7323-4CEB-BAE7-B8F5F2676252}.Debug|Any CPU.ActiveCfg = Debug|Any CPU
		{62719FDC-7323-4CEB-BAE7-B8F5F2676252}.Debug|Any CPU.Build.0 = Debug|Any CPU
		{62719FDC-7323-4CEB-BAE7-B8F5F2676252}.Release|Any CPU.ActiveCfg = Release|Any CPU
		{62719FDC-7323-4CEB-BAE7-B8F5F2676252}.Release|Any CPU.Build.0 = Release|Any CPU
		{32D2FCCD-F523-4E5A-8ADB-1354DCFAA9A5}.Debug|Any CPU.ActiveCfg = Debug|Any CPU
		{32D2FCCD-F523-4E5A-8ADB-1354DCFAA9A5}.Debug|Any CPU.Build.0 = Debug|Any CPU
		{32D2FCCD-F523-4E5A-8ADB-1354DCFAA9A5}.Release|Any CPU.ActiveCfg = Release|Any CPU
		{32D2FCCD-F523-4E5A-8ADB-1354DCFAA9A5}.Release|Any CPU.Build.0 = Release|Any CPU
		{76B211CC-E297-44E6-99D3-A6974D50598E}.Debug|Any CPU.ActiveCfg = Debug|Any CPU
		{76B211CC-E297-44E6-99D3-A6974D50598E}.Debug|Any CPU.Build.0 = Debug|Any CPU
		{76B211CC-E297-44E6-99D3-A6974D50598E}.Release|Any CPU.ActiveCfg = Release|Any CPU
		{76B211CC-E297-44E6-99D3-A6974D50598E}.Release|Any CPU.Build.0 = Release|Any CPU
		{1C7BF079-CFAE-40AC-8021-FF5A2C2DB8CA}.Debug|Any CPU.ActiveCfg = Debug|Any CPU
		{1C7BF079-CFAE-40AC-8021-FF5A2C2DB8CA}.Debug|Any CPU.Build.0 = Debug|Any CPU
		{1C7BF079-CFAE-40AC-8021-FF5A2C2DB8CA}.Release|Any CPU.ActiveCfg = Release|Any CPU
		{1C7BF079-CFAE-40AC-8021-FF5A2C2DB8CA}.Release|Any CPU.Build.0 = Release|Any CPU
		{BD325CF4-EC00-4DE1-91C7-3D502636F3E0}.Debug|Any CPU.ActiveCfg = Debug|Any CPU
		{BD325CF4-EC00-4DE1-91C7-3D502636F3E0}.Debug|Any CPU.Build.0 = Debug|Any CPU
		{BD325CF4-EC00-4DE1-91C7-3D502636F3E0}.Release|Any CPU.ActiveCfg = Release|Any CPU
		{BD325CF4-EC00-4DE1-91C7-3D502636F3E0}.Release|Any CPU.Build.0 = Release|Any CPU
		{915DE468-BA03-4CF5-B480-035BF3D64673}.Debug|Any CPU.ActiveCfg = Debug|Any CPU
		{915DE468-BA03-4CF5-B480-035BF3D64673}.Debug|Any CPU.Build.0 = Debug|Any CPU
		{915DE468-BA03-4CF5-B480-035BF3D64673}.Release|Any CPU.ActiveCfg = Release|Any CPU
		{915DE468-BA03-4CF5-B480-035BF3D64673}.Release|Any CPU.Build.0 = Release|Any CPU
		{18D8C147-843F-4F2B-BFD1-ACB053A493DB}.Debug|Any CPU.ActiveCfg = Debug|Any CPU
		{18D8C147-843F-4F2B-BFD1-ACB053A493DB}.Debug|Any CPU.Build.0 = Debug|Any CPU
		{18D8C147-843F-4F2B-BFD1-ACB053A493DB}.Release|Any CPU.ActiveCfg = Release|Any CPU
		{18D8C147-843F-4F2B-BFD1-ACB053A493DB}.Release|Any CPU.Build.0 = Release|Any CPU
	EndGlobalSection
	GlobalSection(SolutionProperties) = preSolution
		HideSolutionNode = FALSE
	EndGlobalSection
	GlobalSection(NestedProjects) = preSolution
		{3F57194F-89C4-4088-95F4-C11FF0DCC95F} = {F27C965D-7348-4797-B727-328839BAA858}
		{CF1EE417-35D2-4F33-9288-C5AFBC3B4EAC} = {F27C965D-7348-4797-B727-328839BAA858}
		{62719FDC-7323-4CEB-BAE7-B8F5F2676252} = {ED157C7C-D7C5-4CC8-AEC5-0C00CE3AA5AD}
		{32D2FCCD-F523-4E5A-8ADB-1354DCFAA9A5} = {F27C965D-7348-4797-B727-328839BAA858}
		{76B211CC-E297-44E6-99D3-A6974D50598E} = {ED157C7C-D7C5-4CC8-AEC5-0C00CE3AA5AD}
		{1C7BF079-CFAE-40AC-8021-FF5A2C2DB8CA} = {ED157C7C-D7C5-4CC8-AEC5-0C00CE3AA5AD}
		{BD325CF4-EC00-4DE1-91C7-3D502636F3E0} = {ED157C7C-D7C5-4CC8-AEC5-0C00CE3AA5AD}
		{915DE468-BA03-4CF5-B480-035BF3D64673} = {F27C965D-7348-4797-B727-328839BAA858}
		{18D8C147-843F-4F2B-BFD1-ACB053A493DB} = {ED157C7C-D7C5-4CC8-AEC5-0C00CE3AA5AD}
	EndGlobalSection
	GlobalSection(ExtensibilityGlobals) = postSolution
		SolutionGuid = {F7C0319D-2853-4B32-9F76-E58952414D50}
	EndGlobalSection
EndGlobal
